
Microsoft Visual Studio Solution File, Format Version 12.00
# Visual Studio Version 17
VisualStudioVersion = 17.9.34701.34
MinimumVisualStudioVersion = 10.0.40219.1
Project("{FAE04EC0-301F-11D3-BF4B-00C04F79EFBC}") = "MonoGamePalTester", "MonoGamePalTester\MonoGamePalTester.csproj", "{4ADE3B97-33B4-473C-A0F8-F813A130F3AB}"
EndProject
Project("{FAE04EC0-301F-11D3-BF4B-00C04F79EFBC}") = "Flat", "Flat\Flat.csproj", "{3E6BA2CF-12EE-4CEA-8FAA-14ED6077D5A7}"
EndProject
Global
	GlobalSection(SolutionConfigurationPlatforms) = preSolution
		Debug|Any CPU = Debug|Any CPU
		Release|Any CPU = Release|Any CPU
	EndGlobalSection
	GlobalSection(ProjectConfigurationPlatforms) = postSolution
		{4ADE3B97-33B4-473C-A0F8-F813A130F3AB}.Debug|Any CPU.ActiveCfg = Debug|Any CPU
		{4ADE3B97-33B4-473C-A0F8-F813A130F3AB}.Debug|Any CPU.Build.0 = Debug|Any CPU
		{4ADE3B97-33B4-473C-A0F8-F813A130F3AB}.Release|Any CPU.ActiveCfg = Release|Any CPU
		{4ADE3B97-33B4-473C-A0F8-F813A130F3AB}.Release|Any CPU.Build.0 = Release|Any CPU
		{3E6BA2CF-12EE-4CEA-8FAA-14ED6077D5A7}.Debug|Any CPU.ActiveCfg = Debug|Any CPU
		{3E6BA2CF-12EE-4CEA-8FAA-14ED6077D5A7}.Debug|Any CPU.Build.0 = Debug|Any CPU
		{3E6BA2CF-12EE-4CEA-8FAA-14ED6077D5A7}.Release|Any CPU.ActiveCfg = Release|Any CPU
		{3E6BA2CF-12EE-4CEA-8FAA-14ED6077D5A7}.Release|Any CPU.Build.0 = Release|Any CPU
	EndGlobalSection
	GlobalSection(SolutionProperties) = preSolution
		HideSolutionNode = FALSE
	EndGlobalSection
	GlobalSection(ExtensibilityGlobals) = postSolution
		SolutionGuid = {13049776-F5D0-4E3E-90C1-FCFF223C7B3B}
	EndGlobalSection
EndGlobal
